{
    "_meta": {
        "hash": {
            "sha256": "85d87b0b94ef584930590804e9e225f3efa78212729c3636359df4834356312b"
        },
        "pipfile-spec": 6,
        "requires": {
            "python_version": "3.9"
        },
        "sources": [
            {
                "name": "pypi",
                "url": "https://pypi.org/simple",
                "verify_ssl": true
            }
        ]
    },
    "default": {
        "and": {
            "hashes": [
                "sha256:6c2d76b80ab9fea6014388ea71c73cb83f346a7547680de9e5d9d57b2fac55d0",
                "sha256:db811eb2593d38e22e808225f879dffd961f61540cb0cfc9bf24b432edf725ff"
            ],
            "index": "pypi",
            "version": "==0.1.1"
        },
        "asgiref": {
            "hashes": [
                "sha256:4ef1ab46b484e3c706329cedeff284a5d40824200638503f5768edb6de7d58e9",
                "sha256:ffc141aa908e6f175673e7b1b3b7af4fdb0ecb738fc5c8b88f69f055c2415214"
            ],
            "markers": "python_version >= '3.6'",
            "version": "==3.4.1"
        },
        "coverage": {
            "hashes": [
                "sha256:08fd55d2e00dac4c18a2fa26281076035ec86e764acdc198b9185ce749ada58f",
                "sha256:11ce082eb0f7c2bbfe96f6c8bcc3a339daac57de4dc0f3186069ec5c58da911c",
                "sha256:17983f6ccc47f4864fd16d20ff677782b23d1207bf222d10e4d676e4636b0872",
                "sha256:25df2bc53a954ba2ccf230fa274d1de341f6aa633d857d75e5731365f7181749",
                "sha256:274a612f67f931307706b60700f1e4cf80e1d79dff6c282fc9301e4565e78724",
                "sha256:3dfb23cc180b674a11a559183dff9655beb9da03088f3fe3c4f3a6d200c86f05",
                "sha256:43bada49697a62ffa0283c7f01bbc76aac562c37d4bb6c45d56dd008d841194e",
                "sha256:4865dc4a7a566147cbdc2b2f033a6cccc99a7dcc89995137765c384f6c73110b",
                "sha256:581fddd2f883379bd5af51da9233e0396b6519f3d3eeae4fb88867473be6d56e",
                "sha256:5c191e01b23e760338f19d8ba2470c0dad44c8b45e41ac043b2db84efc62f695",
                "sha256:6e216e4021c934246c308fd3e0d739d9fa8a3f4ea414f584ab90ef9c1592f282",
                "sha256:72f8c99f1527c5a8ee77c890ea810e26b39fd0b4c2dffc062e20a05b2cca60ef",
                "sha256:7593a49300489d064ebb6c58539f52cbbc4a2e6a4385de5e92cae1563f88a425",
                "sha256:7844a8c6a0fee401edbf578713c2473e020759267c40261b294036f9d3eb6a2d",
                "sha256:7af2f8e7bb54ace984de790e897f858e88068d8fbc46c9490b7c19c59cf51822",
                "sha256:7dbda34e8e26bd86606ba8a9c13ccb114802e01758a3d0a75652ffc59a573220",
                "sha256:82b58d37c47d93a171be9b5744bcc96a0012cbf53d5622b29a49e6be2097edd7",
                "sha256:8305e14112efb74d0b5fec4df6e41cafde615c2392a7e51c84013cafe945842c",
                "sha256:8426fec5ad5a6e8217921716b504e9b6e1166dc147e8443b4855e329db686282",
                "sha256:88f1810eb942e7063d051d87aaaa113eb5fd5a7fd2cda03a972de57695b8bb1a",
                "sha256:8da0c4a26a831b392deaba5fdd0cd7838d173b47ce2ec3d0f37be630cb09ef6e",
                "sha256:a9dbfcbc56d8de5580483cf2caff6a59c64d3e88836cbe5fb5c20c05c29a8808",
                "sha256:aa5d4d43fa18cc9d0c6e02a83de0b9729b5451a9066574bd276481474f0a53ab",
                "sha256:adb0f4c3c8ba8104378518a1954cbf3d891a22c13fd0e0bf135391835f44f288",
                "sha256:b4ee5815c776dfa3958ba71c7cd4cdd8eb40d79358a18352feb19562fe4408c4",
                "sha256:b5dd5ae0a9cd55d71f1335c331e9625382239b8cede818fb62d8d2702336dbf8",
                "sha256:b78dd3eeb8f5ff26d2113c41836bac04a9ea91be54c346826b54a373133c8c53",
                "sha256:bea681309bdd88dd1283a8ba834632c43da376d9bce05820826090aad80c0126",
                "sha256:befb5ffa9faabef6dadc42622c73de168001425258f0b7e402a2934574e7a04b",
                "sha256:d795a2c92fe8cb31f6e9cd627ee4f39b64eb66bf47d89d8fcf7cb3d17031c887",
                "sha256:d82cbef1220703ce56822be7fbddb40736fc1a928ac893472df8aff7421ae0aa",
                "sha256:e63490e8a6675cee7a71393ee074586f7eeaf0e9341afd006c5d6f7eec7c16d7",
                "sha256:e735ab8547d8a1fe8e58dd765d6f27ac539b395f52160d767b7189f379f9be7a",
                "sha256:fa816e97cfe1f691423078dffa39a18106c176f28008db017b3ce3e947c34aa5",
                "sha256:fff04bfefb879edcf616f1ce5ea6f4a693b5976bdc5e163f8464f349c25b59f0"
            ],
            "index": "pypi",
            "version": "==6.0"
        },
        "django": {
            "hashes": [
                "sha256:42573831292029639b798fe4d3812996bfe4ff3275f04566da90764daec011a5",
                "sha256:f6d2c4069c9b9bfac03bedff927ea1f9e0d29e34525cec8a68fd28eb2a8df7af"
            ],
            "index": "pypi",
            "version": "==3.2.8"
        },
        "django-cors-headers": {
            "hashes": [
                "sha256:cba6e99659abb0e47cc4aaabb8fcde03f193e6bb3b92ba47c5185ec4cedc5d9e",
                "sha256:cd6f4360f5246569c149dc1c40c907c191f1ec45551e10d2a2e2e68512652f78"
            ],
            "index": "pypi",
            "version": "==3.10.0"
        },
        "django-widget-tweaks": {
            "hashes": [
                "sha256:9f91ca4217199b7671971d3c1f323a2bec71a0c27dec6260b3c006fa541bc489",
                "sha256:f80bff4a8a59b278bb277a405a76a8b9a884e4bae7a6c70e78a39c626cd1c836"
            ],
            "index": "pypi",
            "version": "==1.4.8"
        },
        "djangorestframework": {
            "hashes": [
                "sha256:6d1d59f623a5ad0509fe0d6bfe93cbdfe17b8116ebc8eda86d45f6e16e819aaf",
                "sha256:f747949a8ddac876e879190df194b925c177cdeb725a099db1460872f7c0a7f2"
            ],
            "index": "pypi",
            "version": "==3.12.4"
        },
        "gunicorn": {
            "hashes": [
                "sha256:1904bb2b8a43658807108d59c3f3d56c2b6121a701161de0ddf9ad140073c626",
                "sha256:cd4a810dd51bf497552cf3f863b575dabd73d6ad6a91075b65936b151cbf4f9c"
            ],
            "index": "pypi",
            "version": "==20.0.4"
        },
        "mysqlclient": {
            "hashes": [
                "sha256:0ac0dd759c4ca02c35a9fedc24bc982cf75171651e8187c2495ec957a87dfff7",
                "sha256:3381ca1a4f37ff1155fcfde20836b46416d66531add8843f6aa6d968982731c3",
                "sha256:71c4b330cf2313bbda0307fc858cc9055e64493ba9bf28454d25cf8b3ee8d7f5",
                "sha256:f6ebea7c008f155baeefe16c56cd3ee6239f7a5a9ae42396c2f1860f08a7c432",
                "sha256:fc575093cf81b6605bed84653e48b277318b880dc9becf42dd47fa11ffd3e2b6"
            ],
            "index": "pypi",
            "version": "==2.0.3"
        },
        "psycopg2": {
            "hashes": [
                "sha256:079d97fc22de90da1d370c90583659a9f9a6ee4007355f5825e5f1c70dffc1fa",
                "sha256:2087013c159a73e09713294a44d0c8008204d06326006b7f652bef5ace66eebb",
                "sha256:2c992196719fadda59f72d44603ee1a2fdcc67de097eea38d41c7ad9ad246e62",
                "sha256:7640e1e4d72444ef012e275e7b53204d7fab341fb22bc76057ede22fe6860b25",
                "sha256:7f91312f065df517187134cce8e395ab37f5b601a42446bdc0f0d51773621854",
                "sha256:830c8e8dddab6b6716a4bf73a09910c7954a92f40cf1d1e702fb93c8a919cc56",
                "sha256:89409d369f4882c47f7ea20c42c5046879ce22c1e4ea20ef3b00a4dfc0a7f188",
                "sha256:bf35a25f1aaa8a3781195595577fcbb59934856ee46b4f252f56ad12b8043bcf",
                "sha256:de5303a6f1d0a7a34b9d40e4d3bef684ccc44a49bbe3eb85e3c0bffb4a131b7c"
            ],
            "index": "pypi",
            "version": "==2.9.1"
        },
        "python-dotenv": {
            "hashes": [
                "sha256:aae25dc1ebe97c420f50b81fb0e5c949659af713f31fdb63c749ca68748f34b1",
                "sha256:f521bc2ac9a8e03c736f62911605c5d83970021e3fa95b37d769e2bbbe9b6172"
            ],
            "index": "pypi",
            "version": "==0.19.0"
        },
        "pytz": {
            "hashes": [
                "sha256:3672058bc3453457b622aab7a1c3bfd5ab0bdae451512f6cf25f64ed37f5b87c",
                "sha256:acad2d8b20a1af07d4e4c9d2e9285c5ed9104354062f275f3fcd88dcef4f1326"
            ],
            "version": "==2021.3"
        },
        "sqlparse": {
            "hashes": [
                "sha256:0c00730c74263a94e5a9919ade150dfc3b19c574389985446148402998287dae",
                "sha256:48719e356bb8b42991bdbb1e8b83223757b93789c00910a616a071910ca4a64d"
            ],
            "markers": "python_version >= '3.5'",
            "version": "==0.4.2"
        },
        "whitenoise": {
            "hashes": [
                "sha256:d234b871b52271ae7ed6d9da47ffe857c76568f11dd30e28e18c5869dbd11e12",
                "sha256:d963ef25639d1417e8a247be36e6aedd8c7c6f0a08adcb5a89146980a96b577c"
            ],
            "index": "pypi",
            "version": "==5.3.0"
        }
    },
    "develop": {}
}
